
Microsoft Visual Studio Solution File, Format Version 12.00
# Visual Studio Version 16
VisualStudioVersion = 16.0.31911.196
MinimumVisualStudioVersion = 10.0.40219.1
Project("{FAE04EC0-301F-11D3-BF4B-00C04F79EFBC}") = "Document_Management", "Document_Management\Document_Management.csproj", "{74B8DD44-41D0-4B66-B528-D1C805A434D4}"
EndProject
Project("{FAE04EC0-301F-11D3-BF4B-00C04F79EFBC}") = "Document_Management_Test", "Document_Management_Test\Document_Management_Test.csproj", "{1B226044-E770-4057-B040-A800299E6862}"
EndProject
Global
	GlobalSection(SolutionConfigurationPlatforms) = preSolution
		Debug|Any CPU = Debug|Any CPU
		Release|Any CPU = Release|Any CPU
	EndGlobalSection
	GlobalSection(ProjectConfigurationPlatforms) = postSolution
		{74B8DD44-41D0-4B66-B528-D1C805A434D4}.Debug|Any CPU.ActiveCfg = Debug|Any CPU
		{74B8DD44-41D0-4B66-B528-D1C805A434D4}.Debug|Any CPU.Build.0 = Debug|Any CPU
		{74B8DD44-41D0-4B66-B528-D1C805A434D4}.Release|Any CPU.ActiveCfg = Release|Any CPU
		{74B8DD44-41D0-4B66-B528-D1C805A434D4}.Release|Any CPU.Build.0 = Release|Any CPU
		{1B226044-E770-4057-B040-A800299E6862}.Debug|Any CPU.ActiveCfg = Debug|Any CPU
		{1B226044-E770-4057-B040-A800299E6862}.Debug|Any CPU.Build.0 = Debug|Any CPU
		{1B226044-E770-4057-B040-A800299E6862}.Release|Any CPU.ActiveCfg = Release|Any CPU
		{1B226044-E770-4057-B040-A800299E6862}.Release|Any CPU.Build.0 = Release|Any CPU
	EndGlobalSection
	GlobalSection(SolutionProperties) = preSolution
		HideSolutionNode = FALSE
	EndGlobalSection
	GlobalSection(ExtensibilityGlobals) = postSolution
		SolutionGuid = {6F6AD0AC-309B-4CE3-9F97-6B24E918D227}
	EndGlobalSection
EndGlobal
